// !$*UTF8*$!
{
	archiveVersion = 1;
	classes = {
	};
	objectVersion = 55;
	objects = {

/* Begin PBXBuildFile section */
		A77063202BB06FF700AB686D /* StartupManager.swift in Sources */ = {isa = PBXBuildFile; fileRef = A770631F2BB06FF700AB686D /* StartupManager.swift */; };
		A77063232BB0747500AB686D /* UMPConsentView.swift in Sources */ = {isa = PBXBuildFile; fileRef = A77063222BB0747500AB686D /* UMPConsentView.swift */; };
		A77063252BB074A000AB686D /* UMPConsentViewController.swift in Sources */ = {isa = PBXBuildFile; fileRef = A77063242BB074A000AB686D /* UMPConsentViewController.swift */; };
		A77063272BB0781300AB686D /* AdsManager.swift in Sources */ = {isa = PBXBuildFile; fileRef = A77063262BB0781300AB686D /* AdsManager.swift */; };
		A77063292BB079CB00AB686D /* UMPPrivacyView.swift in Sources */ = {isa = PBXBuildFile; fileRef = A77063282BB079CB00AB686D /* UMPPrivacyView.swift */; };
		A770632B2BB079EB00AB686D /* UMPPrivacyViewController.swift in Sources */ = {isa = PBXBuildFile; fileRef = A770632A2BB079EB00AB686D /* UMPPrivacyViewController.swift */; };
		A770632D2BB0813B00AB686D /* InterstitialAd.swift in Sources */ = {isa = PBXBuildFile; fileRef = A770632C2BB0813B00AB686D /* InterstitialAd.swift */; };
		A770632F2BB0822200AB686D /* InterstitialAdView.swift in Sources */ = {isa = PBXBuildFile; fileRef = A770632E2BB0822200AB686D /* InterstitialAdView.swift */; };
		A77063312BB0824E00AB686D /* InterstitialAdViewController.swift in Sources */ = {isa = PBXBuildFile; fileRef = A77063302BB0824E00AB686D /* InterstitialAdViewController.swift */; };
		A77063332BB0E47F00AB686D /* RewardedAd.swift in Sources */ = {isa = PBXBuildFile; fileRef = A77063322BB0E47F00AB686D /* RewardedAd.swift */; };
		A77063352BB0E6A300AB686D /* RewardedAdView.swift in Sources */ = {isa = PBXBuildFile; fileRef = A77063342BB0E6A300AB686D /* RewardedAdView.swift */; };
		A77063372BB0E6B800AB686D /* RewardedAdViewController.swift in Sources */ = {isa = PBXBuildFile; fileRef = A77063362BB0E6B800AB686D /* RewardedAdViewController.swift */; };
		A7878B332B9133A5007D5F7A /* PlayerV2.swift in Sources */ = {isa = PBXBuildFile; fileRef = A7878B322B9133A5007D5F7A /* PlayerV2.swift */; };
		A7878B352B9135DF007D5F7A /* RiddleStats.swift in Sources */ = {isa = PBXBuildFile; fileRef = A7878B342B9135DF007D5F7A /* RiddleStats.swift */; };
		A7878B372B914764007D5F7A /* PlayerDataConvertible.swift in Sources */ = {isa = PBXBuildFile; fileRef = A7878B362B914764007D5F7A /* PlayerDataConvertible.swift */; };
		A78EC72B2B967ED900DB19C3 /* DebugView.swift in Sources */ = {isa = PBXBuildFile; fileRef = A78EC72A2B967ED900DB19C3 /* DebugView.swift */; };
		A78EC72D2B9682EF00DB19C3 /* DisplayStat.swift in Sources */ = {isa = PBXBuildFile; fileRef = A78EC72C2B9682EF00DB19C3 /* DisplayStat.swift */; };
		A7B72DC62B8EB9500033B615 /* StorageManager.swift in Sources */ = {isa = PBXBuildFile; fileRef = A7B72DC52B8EB9500033B615 /* StorageManager.swift */; };
		A7B8D5D82B936E900013E402 /* Array+Extensions.swift in Sources */ = {isa = PBXBuildFile; fileRef = A7B8D5D72B936E900013E402 /* Array+Extensions.swift */; };
		A7B8D5DA2B93B45B0013E402 /* GameCenterManager.swift in Sources */ = {isa = PBXBuildFile; fileRef = A7B8D5D92B93B45B0013E402 /* GameCenterManager.swift */; };
		A7C3DA9D2B8BD1AA0045E2E7 /* AppDelegate.swift in Sources */ = {isa = PBXBuildFile; fileRef = A7C3DA9C2B8BD1AA0045E2E7 /* AppDelegate.swift */; };
		A7C3DA9F2B8BD2320045E2E7 /* AppSetupManager.swift in Sources */ = {isa = PBXBuildFile; fileRef = A7C3DA9E2B8BD2320045E2E7 /* AppSetupManager.swift */; };
		A7C3DAA42B8BD7480045E2E7 /* GKAuthentication.swift in Sources */ = {isa = PBXBuildFile; fileRef = A7C3DAA32B8BD7480045E2E7 /* GKAuthentication.swift */; };
		A7C3DAA62B8BD9A70045E2E7 /* Logger+Extensions.swift in Sources */ = {isa = PBXBuildFile; fileRef = A7C3DAA52B8BD9A70045E2E7 /* Logger+Extensions.swift */; };
		A7C3DAA82B8BDA910045E2E7 /* GKAuthenticationView.swift in Sources */ = {isa = PBXBuildFile; fileRef = A7C3DAA72B8BDA910045E2E7 /* GKAuthenticationView.swift */; };
		A7C3DAAA2B8BDAC50045E2E7 /* GKAuthenticationViewController.swift in Sources */ = {isa = PBXBuildFile; fileRef = A7C3DAA92B8BDAC50045E2E7 /* GKAuthenticationViewController.swift */; };
		A7C3DAAE2B8BDB6D0045E2E7 /* UIViewController+Child.swift in Sources */ = {isa = PBXBuildFile; fileRef = A7C3DAAD2B8BDB6D0045E2E7 /* UIViewController+Child.swift */; };
		A7C3DAB32B8C0B4F0045E2E7 /* StatsMapper.swift in Sources */ = {isa = PBXBuildFile; fileRef = A7C3DAB22B8C0B4F0045E2E7 /* StatsMapper.swift */; };
		A7CD09A62BB19E86006F71E2 /* Date+Extensions.swift in Sources */ = {isa = PBXBuildFile; fileRef = A7CD09A52BB19E86006F71E2 /* Date+Extensions.swift */; };
		A7CD09A82BB19E9B006F71E2 /* TimeInterval+Extensions.swift in Sources */ = {isa = PBXBuildFile; fileRef = A7CD09A72BB19E9B006F71E2 /* TimeInterval+Extensions.swift */; };
		A7CD09AB2BB1B27F006F71E2 /* PostHog in Frameworks */ = {isa = PBXBuildFile; productRef = A7CD09AA2BB1B27F006F71E2 /* PostHog */; };
		A7CD09AE2BB1B2AD006F71E2 /* Analytics.swift in Sources */ = {isa = PBXBuildFile; fileRef = A7CD09AD2BB1B2AD006F71E2 /* Analytics.swift */; };
		A7CD09B02BB1B4A3006F71E2 /* PostHogAnalyticsConnector.swift in Sources */ = {isa = PBXBuildFile; fileRef = A7CD09AF2BB1B4A3006F71E2 /* PostHogAnalyticsConnector.swift */; };
		A7CD09B22BB1B7B0006F71E2 /* LoggingAnalyticsConnector.swift in Sources */ = {isa = PBXBuildFile; fileRef = A7CD09B12BB1B7B0006F71E2 /* LoggingAnalyticsConnector.swift */; };
		A7CD09B42BB1B8A8006F71E2 /* Analytics+Events.swift in Sources */ = {isa = PBXBuildFile; fileRef = A7CD09B32BB1B8A8006F71E2 /* Analytics+Events.swift */; };
		A7CD09B62BB1B989006F71E2 /* Analytics+Screens.swift in Sources */ = {isa = PBXBuildFile; fileRef = A7CD09B52BB1B989006F71E2 /* Analytics+Screens.swift */; };
		A7CD09B82BB1BA2B006F71E2 /* View+Extensions.swift in Sources */ = {isa = PBXBuildFile; fileRef = A7CD09B72BB1BA2B006F71E2 /* View+Extensions.swift */; };
		A7CD09C02BB1E338006F71E2 /* Config.swift in Sources */ = {isa = PBXBuildFile; fileRef = A7CD09BF2BB1E338006F71E2 /* Config.swift */; };
		A7CE6A9C2B8B776B00FA9169 /* GoogleMobileAds in Frameworks */ = {isa = PBXBuildFile; productRef = A7CE6A9B2B8B776B00FA9169 /* GoogleMobileAds */; };
		A7F017662BB24A430059EA89 /* PrivacyInfo.xcprivacy in Resources */ = {isa = PBXBuildFile; fileRef = A7F017652BB24A430059EA89 /* PrivacyInfo.xcprivacy */; };
		A7F07A2D2B8D31550028269E /* Fonts+Generated.swift in Sources */ = {isa = PBXBuildFile; fileRef = A7F07A2C2B8D31550028269E /* Fonts+Generated.swift */; };
		A7F07A2F2B8D418A0028269E /* Colors.xcassets in Resources */ = {isa = PBXBuildFile; fileRef = A7F07A2E2B8D418A0028269E /* Colors.xcassets */; };
		A7F07A312B8D42240028269E /* Colors+Generated.swift in Sources */ = {isa = PBXBuildFile; fileRef = A7F07A302B8D42240028269E /* Colors+Generated.swift */; };
		A7F07A332B8D497E0028269E /* RKButton.swift in Sources */ = {isa = PBXBuildFile; fileRef = A7F07A322B8D497E0028269E /* RKButton.swift */; };
		A7F07A352B8D50DF0028269E /* RKIconButton.swift in Sources */ = {isa = PBXBuildFile; fileRef = A7F07A342B8D50DF0028269E /* RKIconButton.swift */; };
		A7F07A3A2B8D61900028269E /* Pow in Frameworks */ = {isa = PBXBuildFile; productRef = A7F07A392B8D61900028269E /* Pow */; };
		A7F07A3D2B8D637A0028269E /* Vortex in Frameworks */ = {isa = PBXBuildFile; productRef = A7F07A3C2B8D637A0028269E /* Vortex */; };
		F214455927E2694000E8890F /* RKBackground.swift in Sources */ = {isa = PBXBuildFile; fileRef = F214455827E2694000E8890F /* RKBackground.swift */; };
		F214456727E4E5B400E8890F /* RKToast.swift in Sources */ = {isa = PBXBuildFile; fileRef = F214456627E4E5B400E8890F /* RKToast.swift */; };
		F216F61427B40F7D00DA02D0 /* RiddlerApp.swift in Sources */ = {isa = PBXBuildFile; fileRef = F216F61327B40F7D00DA02D0 /* RiddlerApp.swift */; };
		F216F61827B40F7F00DA02D0 /* Assets.xcassets in Resources */ = {isa = PBXBuildFile; fileRef = F216F61727B40F7F00DA02D0 /* Assets.xcassets */; };
		F216F61B27B40F7F00DA02D0 /* Preview Assets.xcassets in Resources */ = {isa = PBXBuildFile; fileRef = F216F61A27B40F7F00DA02D0 /* Preview Assets.xcassets */; };
		F216F64327B4161400DA02D0 /* Riddle.swift in Sources */ = {isa = PBXBuildFile; fileRef = F216F64227B4161400DA02D0 /* Riddle.swift */; };
		F216F64527B4162100DA02D0 /* PlayerV1.swift in Sources */ = {isa = PBXBuildFile; fileRef = F216F64427B4162100DA02D0 /* PlayerV1.swift */; };
		F216F64727B4163100DA02D0 /* GameplayManager.swift in Sources */ = {isa = PBXBuildFile; fileRef = F216F64627B4163100DA02D0 /* GameplayManager.swift */; };
		F216F64B27B4166000DA02D0 /* HintView.swift in Sources */ = {isa = PBXBuildFile; fileRef = F216F64A27B4166000DA02D0 /* HintView.swift */; };
		F216F64D27B4167100DA02D0 /* RiddleView.swift in Sources */ = {isa = PBXBuildFile; fileRef = F216F64C27B4167100DA02D0 /* RiddleView.swift */; };
		F216F64F27B4167E00DA02D0 /* MenuView.swift in Sources */ = {isa = PBXBuildFile; fileRef = F216F64E27B4167E00DA02D0 /* MenuView.swift */; };
		F216F65127B4168800DA02D0 /* CorrectView.swift in Sources */ = {isa = PBXBuildFile; fileRef = F216F65027B4168800DA02D0 /* CorrectView.swift */; };
		F216F65327B4168F00DA02D0 /* VictoryView.swift in Sources */ = {isa = PBXBuildFile; fileRef = F216F65227B4168F00DA02D0 /* VictoryView.swift */; };
		F216F65527B416B100DA02D0 /* RKButtonStyle.swift in Sources */ = {isa = PBXBuildFile; fileRef = F216F65427B416B100DA02D0 /* RKButtonStyle.swift */; };
		F216F65D27B416E500DA02D0 /* BundleDecodable.swift in Sources */ = {isa = PBXBuildFile; fileRef = F216F65C27B416E500DA02D0 /* BundleDecodable.swift */; };
		F21BBAFC27E7E04E001FAA31 /* GameKit.framework in Frameworks */ = {isa = PBXBuildFile; fileRef = F21BBAFB27E7E04E001FAA31 /* GameKit.framework */; };
		F21BBB0127E7EDA8001FAA31 /* GKLeaderboardView.swift in Sources */ = {isa = PBXBuildFile; fileRef = F21BBB0027E7EDA8001FAA31 /* GKLeaderboardView.swift */; };
		F21BBB0327EA457D001FAA31 /* GKAchievementsView.swift in Sources */ = {isa = PBXBuildFile; fileRef = F21BBB0227EA457D001FAA31 /* GKAchievementsView.swift */; };
		F21BBB0527EA59B6001FAA31 /* GKManager.swift in Sources */ = {isa = PBXBuildFile; fileRef = F21BBB0427EA59B6001FAA31 /* GKManager.swift */; };
		F23FDD7B27D842B1008C20A3 /* AppTrackingTransparency.framework in Frameworks */ = {isa = PBXBuildFile; fileRef = F23FDD7A27D842B1008C20A3 /* AppTrackingTransparency.framework */; };
		F281F60127D98F5D000790B4 /* RKBottomSheetPrompt.swift in Sources */ = {isa = PBXBuildFile; fileRef = F281F60027D98F5D000790B4 /* RKBottomSheetPrompt.swift */; };
		F29A8A2F27B460AE00EEF7A3 /* Abel-Regular.ttf in Resources */ = {isa = PBXBuildFile; fileRef = F29A8A2D27B460AE00EEF7A3 /* Abel-Regular.ttf */; };
		F29A8A3027B460AE00EEF7A3 /* Teko-Regular.ttf in Resources */ = {isa = PBXBuildFile; fileRef = F29A8A2E27B460AE00EEF7A3 /* Teko-Regular.ttf */; };
		F29A8A3327B48B0000EEF7A3 /* riddles.json in Resources */ = {isa = PBXBuildFile; fileRef = F29A8A3227B48B0000EEF7A3 /* riddles.json */; };
		F29A8A3A27BDBD2000EEF7A3 /* SettingsView.swift in Sources */ = {isa = PBXBuildFile; fileRef = F29A8A3927BDBD2000EEF7A3 /* SettingsView.swift */; };
		F2A398E727E60E4B002ADCF3 /* TimeFormatter.swift in Sources */ = {isa = PBXBuildFile; fileRef = F2A398E627E60E4B002ADCF3 /* TimeFormatter.swift */; };
		F2BBD45A27DEAB5600B23075 /* StatsView.swift in Sources */ = {isa = PBXBuildFile; fileRef = F2BBD45927DEAB5600B23075 /* StatsView.swift */; };
/* End PBXBuildFile section */

/* Begin PBXFileReference section */
		A770631F2BB06FF700AB686D /* StartupManager.swift */ = {isa = PBXFileReference; lastKnownFileType = sourcecode.swift; path = StartupManager.swift; sourceTree = "<group>"; };
		A77063222BB0747500AB686D /* UMPConsentView.swift */ = {isa = PBXFileReference; lastKnownFileType = sourcecode.swift; path = UMPConsentView.swift; sourceTree = "<group>"; };
		A77063242BB074A000AB686D /* UMPConsentViewController.swift */ = {isa = PBXFileReference; lastKnownFileType = sourcecode.swift; path = UMPConsentViewController.swift; sourceTree = "<group>"; };
		A77063262BB0781300AB686D /* AdsManager.swift */ = {isa = PBXFileReference; lastKnownFileType = sourcecode.swift; path = AdsManager.swift; sourceTree = "<group>"; };
		A77063282BB079CB00AB686D /* UMPPrivacyView.swift */ = {isa = PBXFileReference; lastKnownFileType = sourcecode.swift; path = UMPPrivacyView.swift; sourceTree = "<group>"; };
		A770632A2BB079EB00AB686D /* UMPPrivacyViewController.swift */ = {isa = PBXFileReference; lastKnownFileType = sourcecode.swift; path = UMPPrivacyViewController.swift; sourceTree = "<group>"; };
		A770632C2BB0813B00AB686D /* InterstitialAd.swift */ = {isa = PBXFileReference; lastKnownFileType = sourcecode.swift; path = InterstitialAd.swift; sourceTree = "<group>"; };
		A770632E2BB0822200AB686D /* InterstitialAdView.swift */ = {isa = PBXFileReference; lastKnownFileType = sourcecode.swift; path = InterstitialAdView.swift; sourceTree = "<group>"; };
		A77063302BB0824E00AB686D /* InterstitialAdViewController.swift */ = {isa = PBXFileReference; lastKnownFileType = sourcecode.swift; path = InterstitialAdViewController.swift; sourceTree = "<group>"; };
		A77063322BB0E47F00AB686D /* RewardedAd.swift */ = {isa = PBXFileReference; lastKnownFileType = sourcecode.swift; path = RewardedAd.swift; sourceTree = "<group>"; };
		A77063342BB0E6A300AB686D /* RewardedAdView.swift */ = {isa = PBXFileReference; lastKnownFileType = sourcecode.swift; path = RewardedAdView.swift; sourceTree = "<group>"; };
		A77063362BB0E6B800AB686D /* RewardedAdViewController.swift */ = {isa = PBXFileReference; lastKnownFileType = sourcecode.swift; path = RewardedAdViewController.swift; sourceTree = "<group>"; };
		A7878B322B9133A5007D5F7A /* PlayerV2.swift */ = {isa = PBXFileReference; lastKnownFileType = sourcecode.swift; path = PlayerV2.swift; sourceTree = "<group>"; };
		A7878B342B9135DF007D5F7A /* RiddleStats.swift */ = {isa = PBXFileReference; lastKnownFileType = sourcecode.swift; path = RiddleStats.swift; sourceTree = "<group>"; };
		A7878B362B914764007D5F7A /* PlayerDataConvertible.swift */ = {isa = PBXFileReference; lastKnownFileType = sourcecode.swift; path = PlayerDataConvertible.swift; sourceTree = "<group>"; };
		A78EC72A2B967ED900DB19C3 /* DebugView.swift */ = {isa = PBXFileReference; lastKnownFileType = sourcecode.swift; path = DebugView.swift; sourceTree = "<group>"; };
		A78EC72C2B9682EF00DB19C3 /* DisplayStat.swift */ = {isa = PBXFileReference; lastKnownFileType = sourcecode.swift; path = DisplayStat.swift; sourceTree = "<group>"; };
		A7B72DC52B8EB9500033B615 /* StorageManager.swift */ = {isa = PBXFileReference; lastKnownFileType = sourcecode.swift; path = StorageManager.swift; sourceTree = "<group>"; };
		A7B8D5D72B936E900013E402 /* Array+Extensions.swift */ = {isa = PBXFileReference; lastKnownFileType = sourcecode.swift; path = "Array+Extensions.swift"; sourceTree = "<group>"; };
		A7B8D5D92B93B45B0013E402 /* GameCenterManager.swift */ = {isa = PBXFileReference; lastKnownFileType = sourcecode.swift; path = GameCenterManager.swift; sourceTree = "<group>"; };
		A7C3DA792B8B7ACE0045E2E7 /* Info.plist */ = {isa = PBXFileReference; lastKnownFileType = text.plist.xml; path = Info.plist; sourceTree = "<group>"; };
		A7C3DA952B8B9D180045E2E7 /* Riddler.entitlements */ = {isa = PBXFileReference; lastKnownFileType = text.plist.entitlements; path = Riddler.entitlements; sourceTree = "<group>"; };
		A7C3DA9C2B8BD1AA0045E2E7 /* AppDelegate.swift */ = {isa = PBXFileReference; lastKnownFileType = sourcecode.swift; path = AppDelegate.swift; sourceTree = "<group>"; };
		A7C3DA9E2B8BD2320045E2E7 /* AppSetupManager.swift */ = {isa = PBXFileReference; lastKnownFileType = sourcecode.swift; path = AppSetupManager.swift; sourceTree = "<group>"; };
		A7C3DAA32B8BD7480045E2E7 /* GKAuthentication.swift */ = {isa = PBXFileReference; lastKnownFileType = sourcecode.swift; path = GKAuthentication.swift; sourceTree = "<group>"; };
		A7C3DAA52B8BD9A70045E2E7 /* Logger+Extensions.swift */ = {isa = PBXFileReference; lastKnownFileType = sourcecode.swift; path = "Logger+Extensions.swift"; sourceTree = "<group>"; };
		A7C3DAA72B8BDA910045E2E7 /* GKAuthenticationView.swift */ = {isa = PBXFileReference; lastKnownFileType = sourcecode.swift; path = GKAuthenticationView.swift; sourceTree = "<group>"; };
		A7C3DAA92B8BDAC50045E2E7 /* GKAuthenticationViewController.swift */ = {isa = PBXFileReference; lastKnownFileType = sourcecode.swift; path = GKAuthenticationViewController.swift; sourceTree = "<group>"; };
		A7C3DAAD2B8BDB6D0045E2E7 /* UIViewController+Child.swift */ = {isa = PBXFileReference; lastKnownFileType = sourcecode.swift; path = "UIViewController+Child.swift"; sourceTree = "<group>"; };
		A7C3DAB22B8C0B4F0045E2E7 /* StatsMapper.swift */ = {isa = PBXFileReference; lastKnownFileType = sourcecode.swift; path = StatsMapper.swift; sourceTree = "<group>"; };
		A7CD09A52BB19E86006F71E2 /* Date+Extensions.swift */ = {isa = PBXFileReference; lastKnownFileType = sourcecode.swift; path = "Date+Extensions.swift"; sourceTree = "<group>"; };
		A7CD09A72BB19E9B006F71E2 /* TimeInterval+Extensions.swift */ = {isa = PBXFileReference; lastKnownFileType = sourcecode.swift; path = "TimeInterval+Extensions.swift"; sourceTree = "<group>"; };
		A7CD09AD2BB1B2AD006F71E2 /* Analytics.swift */ = {isa = PBXFileReference; lastKnownFileType = sourcecode.swift; path = Analytics.swift; sourceTree = "<group>"; };
		A7CD09AF2BB1B4A3006F71E2 /* PostHogAnalyticsConnector.swift */ = {isa = PBXFileReference; lastKnownFileType = sourcecode.swift; path = PostHogAnalyticsConnector.swift; sourceTree = "<group>"; };
		A7CD09B12BB1B7B0006F71E2 /* LoggingAnalyticsConnector.swift */ = {isa = PBXFileReference; lastKnownFileType = sourcecode.swift; path = LoggingAnalyticsConnector.swift; sourceTree = "<group>"; };
		A7CD09B32BB1B8A8006F71E2 /* Analytics+Events.swift */ = {isa = PBXFileReference; lastKnownFileType = sourcecode.swift; path = "Analytics+Events.swift"; sourceTree = "<group>"; };
		A7CD09B52BB1B989006F71E2 /* Analytics+Screens.swift */ = {isa = PBXFileReference; lastKnownFileType = sourcecode.swift; path = "Analytics+Screens.swift"; sourceTree = "<group>"; };
		A7CD09B72BB1BA2B006F71E2 /* View+Extensions.swift */ = {isa = PBXFileReference; lastKnownFileType = sourcecode.swift; path = "View+Extensions.swift"; sourceTree = "<group>"; };
		A7CD09BF2BB1E338006F71E2 /* Config.swift */ = {isa = PBXFileReference; lastKnownFileType = sourcecode.swift; path = Config.swift; sourceTree = "<group>"; };
		A7F017652BB24A430059EA89 /* PrivacyInfo.xcprivacy */ = {isa = PBXFileReference; lastKnownFileType = text.xml; path = PrivacyInfo.xcprivacy; sourceTree = "<group>"; };
		A7F07A2C2B8D31550028269E /* Fonts+Generated.swift */ = {isa = PBXFileReference; fileEncoding = 4; lastKnownFileType = sourcecode.swift; path = "Fonts+Generated.swift"; sourceTree = "<group>"; };
		A7F07A2E2B8D418A0028269E /* Colors.xcassets */ = {isa = PBXFileReference; lastKnownFileType = folder.assetcatalog; path = Colors.xcassets; sourceTree = "<group>"; };
		A7F07A302B8D42240028269E /* Colors+Generated.swift */ = {isa = PBXFileReference; fileEncoding = 4; lastKnownFileType = sourcecode.swift; path = "Colors+Generated.swift"; sourceTree = "<group>"; };
		A7F07A322B8D497E0028269E /* RKButton.swift */ = {isa = PBXFileReference; lastKnownFileType = sourcecode.swift; path = RKButton.swift; sourceTree = "<group>"; };
		A7F07A342B8D50DF0028269E /* RKIconButton.swift */ = {isa = PBXFileReference; lastKnownFileType = sourcecode.swift; path = RKIconButton.swift; sourceTree = "<group>"; };
		F214455827E2694000E8890F /* RKBackground.swift */ = {isa = PBXFileReference; lastKnownFileType = sourcecode.swift; path = RKBackground.swift; sourceTree = "<group>"; };
		F214456627E4E5B400E8890F /* RKToast.swift */ = {isa = PBXFileReference; lastKnownFileType = sourcecode.swift; path = RKToast.swift; sourceTree = "<group>"; };
		F216F61027B40F7D00DA02D0 /* Riddler.app */ = {isa = PBXFileReference; explicitFileType = wrapper.application; includeInIndex = 0; path = Riddler.app; sourceTree = BUILT_PRODUCTS_DIR; };
		F216F61327B40F7D00DA02D0 /* RiddlerApp.swift */ = {isa = PBXFileReference; lastKnownFileType = sourcecode.swift; path = RiddlerApp.swift; sourceTree = "<group>"; };
		F216F61727B40F7F00DA02D0 /* Assets.xcassets */ = {isa = PBXFileReference; lastKnownFileType = folder.assetcatalog; path = Assets.xcassets; sourceTree = "<group>"; };
		F216F61A27B40F7F00DA02D0 /* Preview Assets.xcassets */ = {isa = PBXFileReference; lastKnownFileType = folder.assetcatalog; path = "Preview Assets.xcassets"; sourceTree = "<group>"; };
		F216F64227B4161400DA02D0 /* Riddle.swift */ = {isa = PBXFileReference; lastKnownFileType = sourcecode.swift; path = Riddle.swift; sourceTree = "<group>"; };
		F216F64427B4162100DA02D0 /* PlayerV1.swift */ = {isa = PBXFileReference; lastKnownFileType = sourcecode.swift; path = PlayerV1.swift; sourceTree = "<group>"; };
		F216F64627B4163100DA02D0 /* GameplayManager.swift */ = {isa = PBXFileReference; lastKnownFileType = sourcecode.swift; path = GameplayManager.swift; sourceTree = "<group>"; };
		F216F64A27B4166000DA02D0 /* HintView.swift */ = {isa = PBXFileReference; lastKnownFileType = sourcecode.swift; path = HintView.swift; sourceTree = "<group>"; };
		F216F64C27B4167100DA02D0 /* RiddleView.swift */ = {isa = PBXFileReference; lastKnownFileType = sourcecode.swift; path = RiddleView.swift; sourceTree = "<group>"; };
		F216F64E27B4167E00DA02D0 /* MenuView.swift */ = {isa = PBXFileReference; lastKnownFileType = sourcecode.swift; path = MenuView.swift; sourceTree = "<group>"; };
		F216F65027B4168800DA02D0 /* CorrectView.swift */ = {isa = PBXFileReference; lastKnownFileType = sourcecode.swift; path = CorrectView.swift; sourceTree = "<group>"; };
		F216F65227B4168F00DA02D0 /* VictoryView.swift */ = {isa = PBXFileReference; lastKnownFileType = sourcecode.swift; path = VictoryView.swift; sourceTree = "<group>"; };
		F216F65427B416B100DA02D0 /* RKButtonStyle.swift */ = {isa = PBXFileReference; lastKnownFileType = sourcecode.swift; path = RKButtonStyle.swift; sourceTree = "<group>"; };
		F216F65C27B416E500DA02D0 /* BundleDecodable.swift */ = {isa = PBXFileReference; lastKnownFileType = sourcecode.swift; path = BundleDecodable.swift; sourceTree = "<group>"; };
		F21BBAFB27E7E04E001FAA31 /* GameKit.framework */ = {isa = PBXFileReference; lastKnownFileType = wrapper.framework; name = GameKit.framework; path = System/Library/Frameworks/GameKit.framework; sourceTree = SDKROOT; };
		F21BBB0027E7EDA8001FAA31 /* GKLeaderboardView.swift */ = {isa = PBXFileReference; lastKnownFileType = sourcecode.swift; path = GKLeaderboardView.swift; sourceTree = "<group>"; };
		F21BBB0227EA457D001FAA31 /* GKAchievementsView.swift */ = {isa = PBXFileReference; lastKnownFileType = sourcecode.swift; path = GKAchievementsView.swift; sourceTree = "<group>"; };
		F21BBB0427EA59B6001FAA31 /* GKManager.swift */ = {isa = PBXFileReference; lastKnownFileType = sourcecode.swift; path = GKManager.swift; sourceTree = "<group>"; };
		F23FDD7A27D842B1008C20A3 /* AppTrackingTransparency.framework */ = {isa = PBXFileReference; lastKnownFileType = wrapper.framework; name = AppTrackingTransparency.framework; path = System/Library/Frameworks/AppTrackingTransparency.framework; sourceTree = SDKROOT; };
		F281F60027D98F5D000790B4 /* RKBottomSheetPrompt.swift */ = {isa = PBXFileReference; lastKnownFileType = sourcecode.swift; path = RKBottomSheetPrompt.swift; sourceTree = "<group>"; };
		F29A8A2D27B460AE00EEF7A3 /* Abel-Regular.ttf */ = {isa = PBXFileReference; lastKnownFileType = file; path = "Abel-Regular.ttf"; sourceTree = "<group>"; };
		F29A8A2E27B460AE00EEF7A3 /* Teko-Regular.ttf */ = {isa = PBXFileReference; lastKnownFileType = file; path = "Teko-Regular.ttf"; sourceTree = "<group>"; };
		F29A8A3227B48B0000EEF7A3 /* riddles.json */ = {isa = PBXFileReference; fileEncoding = 4; lastKnownFileType = text.json; path = riddles.json; sourceTree = "<group>"; };
		F29A8A3927BDBD2000EEF7A3 /* SettingsView.swift */ = {isa = PBXFileReference; lastKnownFileType = sourcecode.swift; path = SettingsView.swift; sourceTree = "<group>"; };
		F2A398E627E60E4B002ADCF3 /* TimeFormatter.swift */ = {isa = PBXFileReference; lastKnownFileType = sourcecode.swift; path = TimeFormatter.swift; sourceTree = "<group>"; };
		F2BBD45927DEAB5600B23075 /* StatsView.swift */ = {isa = PBXFileReference; lastKnownFileType = sourcecode.swift; path = StatsView.swift; sourceTree = "<group>"; };
/* End PBXFileReference section */

/* Begin PBXFrameworksBuildPhase section */
		F216F60D27B40F7D00DA02D0 /* Frameworks */ = {
			isa = PBXFrameworksBuildPhase;
			buildActionMask = 2147483647;
			files = (
				A7F07A3A2B8D61900028269E /* Pow in Frameworks */,
				F23FDD7B27D842B1008C20A3 /* AppTrackingTransparency.framework in Frameworks */,
				A7F07A3D2B8D637A0028269E /* Vortex in Frameworks */,
				A7CD09AB2BB1B27F006F71E2 /* PostHog in Frameworks */,
				F21BBAFC27E7E04E001FAA31 /* GameKit.framework in Frameworks */,
				A7CE6A9C2B8B776B00FA9169 /* GoogleMobileAds in Frameworks */,
			);
			runOnlyForDeploymentPostprocessing = 0;
		};
/* End PBXFrameworksBuildPhase section */

/* Begin PBXGroup section */
		A77063212BB0744B00AB686D /* Ads */ = {
			isa = PBXGroup;
			children = (
				A77063222BB0747500AB686D /* UMPConsentView.swift */,
				A77063242BB074A000AB686D /* UMPConsentViewController.swift */,
				A77063262BB0781300AB686D /* AdsManager.swift */,
				A77063282BB079CB00AB686D /* UMPPrivacyView.swift */,
				A770632A2BB079EB00AB686D /* UMPPrivacyViewController.swift */,
				A770632C2BB0813B00AB686D /* InterstitialAd.swift */,
				A770632E2BB0822200AB686D /* InterstitialAdView.swift */,
				A77063302BB0824E00AB686D /* InterstitialAdViewController.swift */,
				A77063322BB0E47F00AB686D /* RewardedAd.swift */,
				A77063342BB0E6A300AB686D /* RewardedAdView.swift */,
				A77063362BB0E6B800AB686D /* RewardedAdViewController.swift */,
			);
			path = Ads;
			sourceTree = "<group>";
		};
		A7C3DAA22B8BD7310045E2E7 /* GameKit */ = {
			isa = PBXGroup;
			children = (
				F21BBB0027E7EDA8001FAA31 /* GKLeaderboardView.swift */,
				F21BBB0227EA457D001FAA31 /* GKAchievementsView.swift */,
				F21BBB0427EA59B6001FAA31 /* GKManager.swift */,
				A7C3DAA32B8BD7480045E2E7 /* GKAuthentication.swift */,
				A7C3DAA72B8BDA910045E2E7 /* GKAuthenticationView.swift */,
				A7C3DAA92B8BDAC50045E2E7 /* GKAuthenticationViewController.swift */,
				A7C3DAAD2B8BDB6D0045E2E7 /* UIViewController+Child.swift */,
			);
			path = GameKit;
			sourceTree = "<group>";
		};
		A7C3DAB12B8C0B390045E2E7 /* Gameplay */ = {
			isa = PBXGroup;
			children = (
				F216F64627B4163100DA02D0 /* GameplayManager.swift */,
				A7C3DAB22B8C0B4F0045E2E7 /* StatsMapper.swift */,
				A7B72DC52B8EB9500033B615 /* StorageManager.swift */,
				A7B8D5D92B93B45B0013E402 /* GameCenterManager.swift */,
				A770631F2BB06FF700AB686D /* StartupManager.swift */,
			);
			path = Gameplay;
			sourceTree = "<group>";
		};
		A7CD09AC2BB1B28D006F71E2 /* Analytics */ = {
			isa = PBXGroup;
			children = (
				A7CD09AD2BB1B2AD006F71E2 /* Analytics.swift */,
				A7CD09AF2BB1B4A3006F71E2 /* PostHogAnalyticsConnector.swift */,
				A7CD09B12BB1B7B0006F71E2 /* LoggingAnalyticsConnector.swift */,
				A7CD09B32BB1B8A8006F71E2 /* Analytics+Events.swift */,
				A7CD09B52BB1B989006F71E2 /* Analytics+Screens.swift */,
			);
			path = Analytics;
			sourceTree = "<group>";
		};
		A7CD09BA2BB1E1D9006F71E2 /* Config */ = {
			isa = PBXGroup;
			children = (
				A7CD09BF2BB1E338006F71E2 /* Config.swift */,
			);
			path = Config;
			sourceTree = "<group>";
		};
		A7F07A2B2B8D313D0028269E /* Generated */ = {
			isa = PBXGroup;
			children = (
				A7F07A302B8D42240028269E /* Colors+Generated.swift */,
				A7F07A2C2B8D31550028269E /* Fonts+Generated.swift */,
			);
			path = Generated;
			sourceTree = "<group>";
		};
		B35DF931D4893002C1A30F22 /* Frameworks */ = {
			isa = PBXGroup;
			children = (
				F21BBAFB27E7E04E001FAA31 /* GameKit.framework */,
				F23FDD7A27D842B1008C20A3 /* AppTrackingTransparency.framework */,
			);
			name = Frameworks;
			sourceTree = "<group>";
		};
		F216F60727B40F7D00DA02D0 = {
			isa = PBXGroup;
			children = (
				F216F61227B40F7D00DA02D0 /* Riddler */,
				F216F61127B40F7D00DA02D0 /* Products */,
				B35DF931D4893002C1A30F22 /* Frameworks */,
			);
			sourceTree = "<group>";
		};
		F216F61127B40F7D00DA02D0 /* Products */ = {
			isa = PBXGroup;
			children = (
				F216F61027B40F7D00DA02D0 /* Riddler.app */,
			);
			name = Products;
			sourceTree = "<group>";
		};
		F216F61227B40F7D00DA02D0 /* Riddler */ = {
			isa = PBXGroup;
			children = (
				F216F63D27B414CD00DA02D0 /* App */,
				A77063212BB0744B00AB686D /* Ads */,
				A7CD09AC2BB1B28D006F71E2 /* Analytics */,
				A7C3DAA22B8BD7310045E2E7 /* GameKit */,
				A7C3DAB12B8C0B390045E2E7 /* Gameplay */,
				A7F07A2B2B8D313D0028269E /* Generated */,
				F216F64127B414F000DA02D0 /* Models */,
				F216F63F27B414DF00DA02D0 /* Resources */,
				F216F64927B4164500DA02D0 /* Screens */,
				F216F64027B414E900DA02D0 /* UI */,
				F216F63E27B414D400DA02D0 /* Utilities */,
			);
			path = Riddler;
			sourceTree = "<group>";
		};
		F216F61927B40F7F00DA02D0 /* Preview Content */ = {
			isa = PBXGroup;
			children = (
				F216F61A27B40F7F00DA02D0 /* Preview Assets.xcassets */,
			);
			path = "Preview Content";
			sourceTree = "<group>";
		};
		F216F63D27B414CD00DA02D0 /* App */ = {
			isa = PBXGroup;
			children = (
				A7CD09BA2BB1E1D9006F71E2 /* Config */,
				A7C3DA952B8B9D180045E2E7 /* Riddler.entitlements */,
				A7C3DA9C2B8BD1AA0045E2E7 /* AppDelegate.swift */,
				A7C3DA9E2B8BD2320045E2E7 /* AppSetupManager.swift */,
				F216F61327B40F7D00DA02D0 /* RiddlerApp.swift */,
				A7C3DA792B8B7ACE0045E2E7 /* Info.plist */,
				A7F017652BB24A430059EA89 /* PrivacyInfo.xcprivacy */,
			);
			path = App;
			sourceTree = "<group>";
		};
		F216F63E27B414D400DA02D0 /* Utilities */ = {
			isa = PBXGroup;
			children = (
				F216F65C27B416E500DA02D0 /* BundleDecodable.swift */,
				F2A398E627E60E4B002ADCF3 /* TimeFormatter.swift */,
				A7C3DAA52B8BD9A70045E2E7 /* Logger+Extensions.swift */,
				A7B8D5D72B936E900013E402 /* Array+Extensions.swift */,
				A7CD09A52BB19E86006F71E2 /* Date+Extensions.swift */,
				A7CD09A72BB19E9B006F71E2 /* TimeInterval+Extensions.swift */,
				A7CD09B72BB1BA2B006F71E2 /* View+Extensions.swift */,
			);
			path = Utilities;
			sourceTree = "<group>";
		};
		F216F63F27B414DF00DA02D0 /* Resources */ = {
			isa = PBXGroup;
			children = (
				F216F61727B40F7F00DA02D0 /* Assets.xcassets */,
				A7F07A2E2B8D418A0028269E /* Colors.xcassets */,
				F216F65F27B4170300DA02D0 /* Fonts */,
				F216F61927B40F7F00DA02D0 /* Preview Content */,
				F29A8A3227B48B0000EEF7A3 /* riddles.json */,
			);
			path = Resources;
			sourceTree = "<group>";
		};
		F216F64027B414E900DA02D0 /* UI */ = {
			isa = PBXGroup;
			children = (
				F214455827E2694000E8890F /* RKBackground.swift */,
				F214456627E4E5B400E8890F /* RKToast.swift */,
				A7F07A322B8D497E0028269E /* RKButton.swift */,
				A7F07A342B8D50DF0028269E /* RKIconButton.swift */,
				F216F65427B416B100DA02D0 /* RKButtonStyle.swift */,
				F281F60027D98F5D000790B4 /* RKBottomSheetPrompt.swift */,
			);
			path = UI;
			sourceTree = "<group>";
		};
		F216F64127B414F000DA02D0 /* Models */ = {
			isa = PBXGroup;
			children = (
				A7878B362B914764007D5F7A /* PlayerDataConvertible.swift */,
				F216F64427B4162100DA02D0 /* PlayerV1.swift */,
				A7878B322B9133A5007D5F7A /* PlayerV2.swift */,
				A7878B342B9135DF007D5F7A /* RiddleStats.swift */,
				F216F64227B4161400DA02D0 /* Riddle.swift */,
				A78EC72C2B9682EF00DB19C3 /* DisplayStat.swift */,
			);
			path = Models;
			sourceTree = "<group>";
		};
		F216F64927B4164500DA02D0 /* Screens */ = {
			isa = PBXGroup;
			children = (
				F216F64E27B4167E00DA02D0 /* MenuView.swift */,
				F216F64C27B4167100DA02D0 /* RiddleView.swift */,
				F216F64A27B4166000DA02D0 /* HintView.swift */,
				F216F65027B4168800DA02D0 /* CorrectView.swift */,
				F216F65227B4168F00DA02D0 /* VictoryView.swift */,
				F29A8A3927BDBD2000EEF7A3 /* SettingsView.swift */,
				F2BBD45927DEAB5600B23075 /* StatsView.swift */,
				A78EC72A2B967ED900DB19C3 /* DebugView.swift */,
			);
			path = Screens;
			sourceTree = "<group>";
		};
		F216F65F27B4170300DA02D0 /* Fonts */ = {
			isa = PBXGroup;
			children = (
				F29A8A2D27B460AE00EEF7A3 /* Abel-Regular.ttf */,
				F29A8A2E27B460AE00EEF7A3 /* Teko-Regular.ttf */,
			);
			path = Fonts;
			sourceTree = "<group>";
		};
/* End PBXGroup section */

/* Begin PBXNativeTarget section */
		F216F60F27B40F7D00DA02D0 /* Riddler */ = {
			isa = PBXNativeTarget;
			buildConfigurationList = F216F63427B40F7F00DA02D0 /* Build configuration list for PBXNativeTarget "Riddler" */;
			buildPhases = (
				F216F60C27B40F7D00DA02D0 /* Sources */,
				F216F60D27B40F7D00DA02D0 /* Frameworks */,
				F216F60E27B40F7D00DA02D0 /* Resources */,
			);
			buildRules = (
			);
			dependencies = (
			);
			name = Riddler;
			packageProductDependencies = (
				A7CE6A9B2B8B776B00FA9169 /* GoogleMobileAds */,
				A7F07A392B8D61900028269E /* Pow */,
				A7F07A3C2B8D637A0028269E /* Vortex */,
				A7CD09AA2BB1B27F006F71E2 /* PostHog */,
			);
			productName = Riddler;
			productReference = F216F61027B40F7D00DA02D0 /* Riddler.app */;
			productType = "com.apple.product-type.application";
		};
/* End PBXNativeTarget section */

/* Begin PBXProject section */
		F216F60827B40F7D00DA02D0 /* Project object */ = {
			isa = PBXProject;
			attributes = {
				BuildIndependentTargetsInParallel = 1;
				LastSwiftUpdateCheck = 1320;
				LastUpgradeCheck = 1520;
				TargetAttributes = {
					F216F60F27B40F7D00DA02D0 = {
						CreatedOnToolsVersion = 13.2.1;
					};
				};
			};
			buildConfigurationList = F216F60B27B40F7D00DA02D0 /* Build configuration list for PBXProject "Riddler" */;
			compatibilityVersion = "Xcode 13.0";
			developmentRegion = en;
			hasScannedForEncodings = 0;
			knownRegions = (
				en,
				Base,
			);
			mainGroup = F216F60727B40F7D00DA02D0;
			packageReferences = (
				A7CE6A9A2B8B776B00FA9169 /* XCRemoteSwiftPackageReference "swift-package-manager-google-mobile-ads" */,
				A7F07A382B8D61900028269E /* XCRemoteSwiftPackageReference "Pow" */,
				A7F07A3B2B8D637A0028269E /* XCRemoteSwiftPackageReference "Vortex" */,
				A7CD09A92BB1B27F006F71E2 /* XCRemoteSwiftPackageReference "posthog-ios" */,
			);
			productRefGroup = F216F61127B40F7D00DA02D0 /* Products */;
			projectDirPath = "";
			projectRoot = "";
			targets = (
				F216F60F27B40F7D00DA02D0 /* Riddler */,
			);
		};
/* End PBXProject section */

/* Begin PBXResourcesBuildPhase section */
		F216F60E27B40F7D00DA02D0 /* Resources */ = {
			isa = PBXResourcesBuildPhase;
			buildActionMask = 2147483647;
			files = (
				A7F07A2F2B8D418A0028269E /* Colors.xcassets in Resources */,
				A7F017662BB24A430059EA89 /* PrivacyInfo.xcprivacy in Resources */,
				F29A8A2F27B460AE00EEF7A3 /* Abel-Regular.ttf in Resources */,
				F216F61B27B40F7F00DA02D0 /* Preview Assets.xcassets in Resources */,
				F29A8A3327B48B0000EEF7A3 /* riddles.json in Resources */,
				F29A8A3027B460AE00EEF7A3 /* Teko-Regular.ttf in Resources */,
				F216F61827B40F7F00DA02D0 /* Assets.xcassets in Resources */,
			);
			runOnlyForDeploymentPostprocessing = 0;
		};
/* End PBXResourcesBuildPhase section */

/* Begin PBXSourcesBuildPhase section */
		F216F60C27B40F7D00DA02D0 /* Sources */ = {
			isa = PBXSourcesBuildPhase;
			buildActionMask = 2147483647;
			files = (
				A7C3DAB32B8C0B4F0045E2E7 /* StatsMapper.swift in Sources */,
				F2A398E727E60E4B002ADCF3 /* TimeFormatter.swift in Sources */,
				A7B8D5DA2B93B45B0013E402 /* GameCenterManager.swift in Sources */,
				F29A8A3A27BDBD2000EEF7A3 /* SettingsView.swift in Sources */,
				A7B72DC62B8EB9500033B615 /* StorageManager.swift in Sources */,
				F216F65327B4168F00DA02D0 /* VictoryView.swift in Sources */,
				A7C3DA9F2B8BD2320045E2E7 /* AppSetupManager.swift in Sources */,
				F216F65D27B416E500DA02D0 /* BundleDecodable.swift in Sources */,
				F216F64F27B4167E00DA02D0 /* MenuView.swift in Sources */,
				F21BBB0527EA59B6001FAA31 /* GKManager.swift in Sources */,
				F214456727E4E5B400E8890F /* RKToast.swift in Sources */,
				A7B8D5D82B936E900013E402 /* Array+Extensions.swift in Sources */,
				F21BBB0327EA457D001FAA31 /* GKAchievementsView.swift in Sources */,
				A770632D2BB0813B00AB686D /* InterstitialAd.swift in Sources */,
				F216F65127B4168800DA02D0 /* CorrectView.swift in Sources */,
				A7C3DA9D2B8BD1AA0045E2E7 /* AppDelegate.swift in Sources */,
				A7F07A312B8D42240028269E /* Colors+Generated.swift in Sources */,
				A7878B372B914764007D5F7A /* PlayerDataConvertible.swift in Sources */,
				F21BBB0127E7EDA8001FAA31 /* GKLeaderboardView.swift in Sources */,
				A7F07A352B8D50DF0028269E /* RKIconButton.swift in Sources */,
				A7C3DAAE2B8BDB6D0045E2E7 /* UIViewController+Child.swift in Sources */,
				F216F65527B416B100DA02D0 /* RKButtonStyle.swift in Sources */,
				A7F07A332B8D497E0028269E /* RKButton.swift in Sources */,
				A7CD09A62BB19E86006F71E2 /* Date+Extensions.swift in Sources */,
				A77063272BB0781300AB686D /* AdsManager.swift in Sources */,
				A7CD09A82BB19E9B006F71E2 /* TimeInterval+Extensions.swift in Sources */,
				A7C3DAA62B8BD9A70045E2E7 /* Logger+Extensions.swift in Sources */,
				A7CD09B62BB1B989006F71E2 /* Analytics+Screens.swift in Sources */,
				A78EC72B2B967ED900DB19C3 /* DebugView.swift in Sources */,
				F216F61427B40F7D00DA02D0 /* RiddlerApp.swift in Sources */,
				F216F64B27B4166000DA02D0 /* HintView.swift in Sources */,
				A77063352BB0E6A300AB686D /* RewardedAdView.swift in Sources */,
				A7CD09C02BB1E338006F71E2 /* Config.swift in Sources */,
				A77063332BB0E47F00AB686D /* RewardedAd.swift in Sources */,
				A7C3DAA82B8BDA910045E2E7 /* GKAuthenticationView.swift in Sources */,
				A77063372BB0E6B800AB686D /* RewardedAdViewController.swift in Sources */,
				A77063312BB0824E00AB686D /* InterstitialAdViewController.swift in Sources */,
				A78EC72D2B9682EF00DB19C3 /* DisplayStat.swift in Sources */,
				A77063252BB074A000AB686D /* UMPConsentViewController.swift in Sources */,
				A770632F2BB0822200AB686D /* InterstitialAdView.swift in Sources */,
				A7878B332B9133A5007D5F7A /* PlayerV2.swift in Sources */,
				A7C3DAA42B8BD7480045E2E7 /* GKAuthentication.swift in Sources */,
				A77063292BB079CB00AB686D /* UMPPrivacyView.swift in Sources */,
				F216F64D27B4167100DA02D0 /* RiddleView.swift in Sources */,
				F216F64527B4162100DA02D0 /* PlayerV1.swift in Sources */,
				A7CD09B42BB1B8A8006F71E2 /* Analytics+Events.swift in Sources */,
				A7CD09B22BB1B7B0006F71E2 /* LoggingAnalyticsConnector.swift in Sources */,
				F281F60127D98F5D000790B4 /* RKBottomSheetPrompt.swift in Sources */,
				A7F07A2D2B8D31550028269E /* Fonts+Generated.swift in Sources */,
				A77063202BB06FF700AB686D /* StartupManager.swift in Sources */,
				F2BBD45A27DEAB5600B23075 /* StatsView.swift in Sources */,
				A77063232BB0747500AB686D /* UMPConsentView.swift in Sources */,
				A7CD09AE2BB1B2AD006F71E2 /* Analytics.swift in Sources */,
				A770632B2BB079EB00AB686D /* UMPPrivacyViewController.swift in Sources */,
				F216F64727B4163100DA02D0 /* GameplayManager.swift in Sources */,
				A7C3DAAA2B8BDAC50045E2E7 /* GKAuthenticationViewController.swift in Sources */,
				A7878B352B9135DF007D5F7A /* RiddleStats.swift in Sources */,
				A7CD09B02BB1B4A3006F71E2 /* PostHogAnalyticsConnector.swift in Sources */,
				F214455927E2694000E8890F /* RKBackground.swift in Sources */,
				A7CD09B82BB1BA2B006F71E2 /* View+Extensions.swift in Sources */,
				F216F64327B4161400DA02D0 /* Riddle.swift in Sources */,
			);
			runOnlyForDeploymentPostprocessing = 0;
		};
/* End PBXSourcesBuildPhase section */

/* Begin XCBuildConfiguration section */
		F216F63227B40F7F00DA02D0 /* Debug */ = {
			isa = XCBuildConfiguration;
			buildSettings = {
				ALWAYS_SEARCH_USER_PATHS = NO;
				ASSETCATALOG_COMPILER_GENERATE_SWIFT_ASSET_SYMBOL_EXTENSIONS = YES;
				CLANG_ANALYZER_NONNULL = YES;
				CLANG_ANALYZER_NUMBER_OBJECT_CONVERSION = YES_AGGRESSIVE;
				CLANG_CXX_LANGUAGE_STANDARD = "gnu++17";
				CLANG_CXX_LIBRARY = "libc++";
				CLANG_ENABLE_MODULES = YES;
				CLANG_ENABLE_OBJC_ARC = YES;
				CLANG_ENABLE_OBJC_WEAK = YES;
				CLANG_WARN_BLOCK_CAPTURE_AUTORELEASING = YES;
				CLANG_WARN_BOOL_CONVERSION = YES;
				CLANG_WARN_COMMA = YES;
				CLANG_WARN_CONSTANT_CONVERSION = YES;
				CLANG_WARN_DEPRECATED_OBJC_IMPLEMENTATIONS = YES;
				CLANG_WARN_DIRECT_OBJC_ISA_USAGE = YES_ERROR;
				CLANG_WARN_DOCUMENTATION_COMMENTS = YES;
				CLANG_WARN_EMPTY_BODY = YES;
				CLANG_WARN_ENUM_CONVERSION = YES;
				CLANG_WARN_INFINITE_RECURSION = YES;
				CLANG_WARN_INT_CONVERSION = YES;
				CLANG_WARN_NON_LITERAL_NULL_CONVERSION = YES;
				CLANG_WARN_OBJC_IMPLICIT_RETAIN_SELF = YES;
				CLANG_WARN_OBJC_LITERAL_CONVERSION = YES;
				CLANG_WARN_OBJC_ROOT_CLASS = YES_ERROR;
				CLANG_WARN_QUOTED_INCLUDE_IN_FRAMEWORK_HEADER = YES;
				CLANG_WARN_RANGE_LOOP_ANALYSIS = YES;
				CLANG_WARN_STRICT_PROTOTYPES = YES;
				CLANG_WARN_SUSPICIOUS_MOVE = YES;
				CLANG_WARN_UNGUARDED_AVAILABILITY = YES_AGGRESSIVE;
				CLANG_WARN_UNREACHABLE_CODE = YES;
				CLANG_WARN__DUPLICATE_METHOD_MATCH = YES;
				COPY_PHASE_STRIP = NO;
				DEBUG_INFORMATION_FORMAT = dwarf;
				ENABLE_STRICT_OBJC_MSGSEND = YES;
				ENABLE_TESTABILITY = YES;
				ENABLE_USER_SCRIPT_SANDBOXING = YES;
				GCC_C_LANGUAGE_STANDARD = gnu11;
				GCC_DYNAMIC_NO_PIC = NO;
				GCC_NO_COMMON_BLOCKS = YES;
				GCC_OPTIMIZATION_LEVEL = 0;
				GCC_PREPROCESSOR_DEFINITIONS = (
					"DEBUG=1",
					"$(inherited)",
				);
				GCC_WARN_64_TO_32_BIT_CONVERSION = YES;
				GCC_WARN_ABOUT_RETURN_TYPE = YES_ERROR;
				GCC_WARN_UNDECLARED_SELECTOR = YES;
				GCC_WARN_UNINITIALIZED_AUTOS = YES_AGGRESSIVE;
				GCC_WARN_UNUSED_FUNCTION = YES;
				GCC_WARN_UNUSED_VARIABLE = YES;
				IPHONEOS_DEPLOYMENT_TARGET = 16.0;
				MTL_ENABLE_DEBUG_INFO = INCLUDE_SOURCE;
				MTL_FAST_MATH = YES;
				ONLY_ACTIVE_ARCH = YES;
				SDKROOT = iphoneos;
				SWIFT_ACTIVE_COMPILATION_CONDITIONS = DEBUG;
				SWIFT_OPTIMIZATION_LEVEL = "-Onone";
			};
			name = Debug;
		};
		F216F63327B40F7F00DA02D0 /* Release */ = {
			isa = XCBuildConfiguration;
			buildSettings = {
				ALWAYS_SEARCH_USER_PATHS = NO;
				ASSETCATALOG_COMPILER_GENERATE_SWIFT_ASSET_SYMBOL_EXTENSIONS = YES;
				CLANG_ANALYZER_NONNULL = YES;
				CLANG_ANALYZER_NUMBER_OBJECT_CONVERSION = YES_AGGRESSIVE;
				CLANG_CXX_LANGUAGE_STANDARD = "gnu++17";
				CLANG_CXX_LIBRARY = "libc++";
				CLANG_ENABLE_MODULES = YES;
				CLANG_ENABLE_OBJC_ARC = YES;
				CLANG_ENABLE_OBJC_WEAK = YES;
				CLANG_WARN_BLOCK_CAPTURE_AUTORELEASING = YES;
				CLANG_WARN_BOOL_CONVERSION = YES;
				CLANG_WARN_COMMA = YES;
				CLANG_WARN_CONSTANT_CONVERSION = YES;
				CLANG_WARN_DEPRECATED_OBJC_IMPLEMENTATIONS = YES;
				CLANG_WARN_DIRECT_OBJC_ISA_USAGE = YES_ERROR;
				CLANG_WARN_DOCUMENTATION_COMMENTS = YES;
				CLANG_WARN_EMPTY_BODY = YES;
				CLANG_WARN_ENUM_CONVERSION = YES;
				CLANG_WARN_INFINITE_RECURSION = YES;
				CLANG_WARN_INT_CONVERSION = YES;
				CLANG_WARN_NON_LITERAL_NULL_CONVERSION = YES;
				CLANG_WARN_OBJC_IMPLICIT_RETAIN_SELF = YES;
				CLANG_WARN_OBJC_LITERAL_CONVERSION = YES;
				CLANG_WARN_OBJC_ROOT_CLASS = YES_ERROR;
				CLANG_WARN_QUOTED_INCLUDE_IN_FRAMEWORK_HEADER = YES;
				CLANG_WARN_RANGE_LOOP_ANALYSIS = YES;
				CLANG_WARN_STRICT_PROTOTYPES = YES;
				CLANG_WARN_SUSPICIOUS_MOVE = YES;
				CLANG_WARN_UNGUARDED_AVAILABILITY = YES_AGGRESSIVE;
				CLANG_WARN_UNREACHABLE_CODE = YES;
				CLANG_WARN__DUPLICATE_METHOD_MATCH = YES;
				COPY_PHASE_STRIP = NO;
				DEBUG_INFORMATION_FORMAT = "dwarf-with-dsym";
				ENABLE_NS_ASSERTIONS = NO;
				ENABLE_STRICT_OBJC_MSGSEND = YES;
				ENABLE_USER_SCRIPT_SANDBOXING = YES;
				GCC_C_LANGUAGE_STANDARD = gnu11;
				GCC_NO_COMMON_BLOCKS = YES;
				GCC_WARN_64_TO_32_BIT_CONVERSION = YES;
				GCC_WARN_ABOUT_RETURN_TYPE = YES_ERROR;
				GCC_WARN_UNDECLARED_SELECTOR = YES;
				GCC_WARN_UNINITIALIZED_AUTOS = YES_AGGRESSIVE;
				GCC_WARN_UNUSED_FUNCTION = YES;
				GCC_WARN_UNUSED_VARIABLE = YES;
				IPHONEOS_DEPLOYMENT_TARGET = 16.0;
				MTL_ENABLE_DEBUG_INFO = NO;
				MTL_FAST_MATH = YES;
				SDKROOT = iphoneos;
				SWIFT_COMPILATION_MODE = wholemodule;
				SWIFT_OPTIMIZATION_LEVEL = "-O";
				VALIDATE_PRODUCT = YES;
			};
			name = Release;
		};
		F216F63527B40F7F00DA02D0 /* Debug */ = {
			isa = XCBuildConfiguration;
			buildSettings = {
				ASSETCATALOG_COMPILER_APPICON_NAME = AppIcon;
				ASSETCATALOG_COMPILER_GENERATE_ASSET_SYMBOLS = NO;
				ASSETCATALOG_COMPILER_GENERATE_SWIFT_ASSET_SYMBOL_EXTENSIONS = NO;
				ASSETCATALOG_COMPILER_GLOBAL_ACCENT_COLOR_NAME = AccentColor;
				CODE_SIGN_ENTITLEMENTS = Riddler/App/Riddler.entitlements;
				CODE_SIGN_STYLE = Automatic;
				CURRENT_PROJECT_VERSION = 5;
				DEBUG_INFORMATION_FORMAT = "dwarf-with-dsym";
				DEVELOPMENT_ASSET_PATHS = "\"Riddler/Resources/Preview Content\"";
				DEVELOPMENT_TEAM = 36LYYU944F;
				ENABLE_PREVIEWS = YES;
				GAD_APP_ID = "$(GAD_APP_ID_ENV)";
				GENERATE_INFOPLIST_FILE = YES;
				INFOPLIST_FILE = Riddler/App/Info.plist;
				INFOPLIST_KEY_LSApplicationCategoryType = "public.app-category.puzzle-games";
				INFOPLIST_KEY_NSUserTrackingUsageDescription = "This identifier will be used to deliver personalized ads to you.";
				INFOPLIST_KEY_UIApplicationSceneManifest_Generation = YES;
				INFOPLIST_KEY_UIApplicationSupportsIndirectInputEvents = YES;
				INFOPLIST_KEY_UIRequiredDeviceCapabilities = gamekit;
				INFOPLIST_KEY_UISupportedInterfaceOrientations = UIInterfaceOrientationPortrait;
				INFOPLIST_KEY_UISupportedInterfaceOrientations_iPad = UIInterfaceOrientationPortrait;
				INFOPLIST_KEY_UISupportedInterfaceOrientations_iPhone = UIInterfaceOrientationPortrait;
				IPHONEOS_DEPLOYMENT_TARGET = 16.0;
				LD_RUNPATH_SEARCH_PATHS = (
					"$(inherited)",
					"@executable_path/Frameworks",
				);
				MARKETING_VERSION = 1.1.0;
				PRODUCT_BUNDLE_IDENTIFIER = me.rddle.riddler;
				PRODUCT_NAME = "$(TARGET_NAME)";
				SWIFT_EMIT_LOC_STRINGS = YES;
				SWIFT_VERSION = 5.0;
				TARGETED_DEVICE_FAMILY = 1;
			};
			name = Debug;
		};
		F216F63627B40F7F00DA02D0 /* Release */ = {
			isa = XCBuildConfiguration;
			buildSettings = {
				ASSETCATALOG_COMPILER_APPICON_NAME = AppIcon;
				ASSETCATALOG_COMPILER_GENERATE_ASSET_SYMBOLS = NO;
				ASSETCATALOG_COMPILER_GENERATE_SWIFT_ASSET_SYMBOL_EXTENSIONS = NO;
				ASSETCATALOG_COMPILER_GLOBAL_ACCENT_COLOR_NAME = AccentColor;
				CODE_SIGN_ENTITLEMENTS = Riddler/App/Riddler.entitlements;
				CODE_SIGN_STYLE = Automatic;
				CURRENT_PROJECT_VERSION = 5;
				DEVELOPMENT_ASSET_PATHS = "\"Riddler/Resources/Preview Content\"";
				DEVELOPMENT_TEAM = 36LYYU944F;
				ENABLE_PREVIEWS = YES;
				GAD_APP_ID = "$(GAD_APP_ID_ENV)";
				GENERATE_INFOPLIST_FILE = YES;
				INFOPLIST_FILE = Riddler/App/Info.plist;
				INFOPLIST_KEY_LSApplicationCategoryType = "public.app-category.puzzle-games";
				INFOPLIST_KEY_NSUserTrackingUsageDescription = "This identifier will be used to deliver personalized ads to you.";
				INFOPLIST_KEY_UIApplicationSceneManifest_Generation = YES;
				INFOPLIST_KEY_UIApplicationSupportsIndirectInputEvents = YES;
				INFOPLIST_KEY_UIRequiredDeviceCapabilities = gamekit;
				INFOPLIST_KEY_UISupportedInterfaceOrientations = UIInterfaceOrientationPortrait;
				INFOPLIST_KEY_UISupportedInterfaceOrientations_iPad = UIInterfaceOrientationPortrait;
				INFOPLIST_KEY_UISupportedInterfaceOrientations_iPhone = UIInterfaceOrientationPortrait;
				IPHONEOS_DEPLOYMENT_TARGET = 16.0;
				LD_RUNPATH_SEARCH_PATHS = (
					"$(inherited)",
					"@executable_path/Frameworks",
				);
				MARKETING_VERSION = 1.1.0;
				PRODUCT_BUNDLE_IDENTIFIER = me.rddle.riddler;
				PRODUCT_NAME = "$(TARGET_NAME)";
				SWIFT_EMIT_LOC_STRINGS = YES;
				SWIFT_VERSION = 5.0;
				TARGETED_DEVICE_FAMILY = 1;
			};
			name = Release;
		};
/* End XCBuildConfiguration section */

/* Begin XCConfigurationList section */
		F216F60B27B40F7D00DA02D0 /* Build configuration list for PBXProject "Riddler" */ = {
			isa = XCConfigurationList;
			buildConfigurations = (
				F216F63227B40F7F00DA02D0 /* Debug */,
				F216F63327B40F7F00DA02D0 /* Release */,
			);
			defaultConfigurationIsVisible = 0;
			defaultConfigurationName = Release;
		};
		F216F63427B40F7F00DA02D0 /* Build configuration list for PBXNativeTarget "Riddler" */ = {
			isa = XCConfigurationList;
			buildConfigurations = (
				F216F63527B40F7F00DA02D0 /* Debug */,
				F216F63627B40F7F00DA02D0 /* Release */,
			);
			defaultConfigurationIsVisible = 0;
			defaultConfigurationName = Release;
		};
/* End XCConfigurationList section */

/* Begin XCRemoteSwiftPackageReference section */
		A7CD09A92BB1B27F006F71E2 /* XCRemoteSwiftPackageReference "posthog-ios" */ = {
			isa = XCRemoteSwiftPackageReference;
			repositoryURL = "https://github.com/PostHog/posthog-ios.git";
			requirement = {
				kind = exactVersion;
				version = 3.2.4;
			};
		};
		A7CE6A9A2B8B776B00FA9169 /* XCRemoteSwiftPackageReference "swift-package-manager-google-mobile-ads" */ = {
			isa = XCRemoteSwiftPackageReference;
			repositoryURL = "https://github.com/googleads/swift-package-manager-google-mobile-ads.git";
			requirement = {
				kind = exactVersion;
				version = 11.2.0;
			};
		};
		A7F07A382B8D61900028269E /* XCRemoteSwiftPackageReference "Pow" */ = {
			isa = XCRemoteSwiftPackageReference;
			repositoryURL = "https://github.com/EmergeTools/Pow.git";
			requirement = {
				kind = exactVersion;
				version = 1.0.3;
			};
		};
		A7F07A3B2B8D637A0028269E /* XCRemoteSwiftPackageReference "Vortex" */ = {
			isa = XCRemoteSwiftPackageReference;
			repositoryURL = "https://github.com/twostraws/Vortex";
			requirement = {
				kind = exactVersion;
				version = 1.0.0;
			};
		};
/* End XCRemoteSwiftPackageReference section */

/* Begin XCSwiftPackageProductDependency section */
		A7CD09AA2BB1B27F006F71E2 /* PostHog */ = {
			isa = XCSwiftPackageProductDependency;
			package = A7CD09A92BB1B27F006F71E2 /* XCRemoteSwiftPackageReference "posthog-ios" */;
			productName = PostHog;
		};
		A7CE6A9B2B8B776B00FA9169 /* GoogleMobileAds */ = {
			isa = XCSwiftPackageProductDependency;
			package = A7CE6A9A2B8B776B00FA9169 /* XCRemoteSwiftPackageReference "swift-package-manager-google-mobile-ads" */;
			productName = GoogleMobileAds;
		};
		A7F07A392B8D61900028269E /* Pow */ = {
			isa = XCSwiftPackageProductDependency;
			package = A7F07A382B8D61900028269E /* XCRemoteSwiftPackageReference "Pow" */;
			productName = Pow;
		};
		A7F07A3C2B8D637A0028269E /* Vortex */ = {
			isa = XCSwiftPackageProductDependency;
			package = A7F07A3B2B8D637A0028269E /* XCRemoteSwiftPackageReference "Vortex" */;
			productName = Vortex;
		};
/* End XCSwiftPackageProductDependency section */
	};
	rootObject = F216F60827B40F7D00DA02D0 /* Project object */;
}
